// !$*UTF8*$!
{
	archiveVersion = 1;
	classes = {
	};
	objectVersion = 46;
	objects = {

/* Begin PBXBuildFile section */
		04A9092B1B42CC6200A4EA0C /* main.m in Sources */ = {isa = PBXBuildFile; fileRef = 04A9092A1B42CC6200A4EA0C /* main.m */; };
		04A9092E1B42CC6200A4EA0C /* AppDelegate.m in Sources */ = {isa = PBXBuildFile; fileRef = 04A9092D1B42CC6200A4EA0C /* AppDelegate.m */; };
		04A909451B42CC6200A4EA0C /* iOS______Tests.m in Sources */ = {isa = PBXBuildFile; fileRef = 04A909441B42CC6200A4EA0C /* iOS______Tests.m */; };
		04A909581B42CD3300A4EA0C /* ReadMe.m in Sources */ = {isa = PBXBuildFile; fileRef = 04A909571B42CD3300A4EA0C /* ReadMe.m */; };
		04A9095B1B42CD7E00A4EA0C /* BaseModel.m in Sources */ = {isa = PBXBuildFile; fileRef = 04A9095A1B42CD7E00A4EA0C /* BaseModel.m */; };
/* End PBXBuildFile section */

/* Begin PBXContainerItemProxy section */
		04A9093F1B42CC6200A4EA0C /* PBXContainerItemProxy */ = {
			isa = PBXContainerItemProxy;
			containerPortal = 04A9091D1B42CC6200A4EA0C /* Project object */;
			proxyType = 1;
			remoteGlobalIDString = 04A909241B42CC6200A4EA0C;
			remoteInfo = "iOS项目目录结构";
		};
/* End PBXContainerItemProxy section */

/* Begin PBXFileReference section */
		04A909251B42CC6200A4EA0C /* iOS项目目录结构.app */ = {isa = PBXFileReference; explicitFileType = wrapper.application; includeInIndex = 0; path = "iOS项目目录结构.app"; sourceTree = BUILT_PRODUCTS_DIR; };
		04A909291B42CC6200A4EA0C /* Info.plist */ = {isa = PBXFileReference; lastKnownFileType = text.plist.xml; path = Info.plist; sourceTree = "<group>"; };
		04A9092A1B42CC6200A4EA0C /* main.m */ = {isa = PBXFileReference; lastKnownFileType = sourcecode.c.objc; path = main.m; sourceTree = "<group>"; };
		04A9092C1B42CC6200A4EA0C /* AppDelegate.h */ = {isa = PBXFileReference; lastKnownFileType = sourcecode.c.h; path = AppDelegate.h; sourceTree = "<group>"; };
		04A9092D1B42CC6200A4EA0C /* AppDelegate.m */ = {isa = PBXFileReference; lastKnownFileType = sourcecode.c.objc; path = AppDelegate.m; sourceTree = "<group>"; };
		04A9093E1B42CC6200A4EA0C /* iOS项目目录结构Tests.xctest */ = {isa = PBXFileReference; explicitFileType = wrapper.cfbundle; includeInIndex = 0; path = "iOS项目目录结构Tests.xctest"; sourceTree = BUILT_PRODUCTS_DIR; };
		04A909431B42CC6200A4EA0C /* Info.plist */ = {isa = PBXFileReference; lastKnownFileType = text.plist.xml; path = Info.plist; sourceTree = "<group>"; };
		04A909441B42CC6200A4EA0C /* iOS______Tests.m */ = {isa = PBXFileReference; lastKnownFileType = sourcecode.c.objc; path = "iOS______Tests.m"; sourceTree = "<group>"; };
		04A909571B42CD3300A4EA0C /* ReadMe.m */ = {isa = PBXFileReference; fileEncoding = 4; lastKnownFileType = sourcecode.c.objc; path = ReadMe.m; sourceTree = "<group>"; };
		04A909591B42CD7E00A4EA0C /* BaseModel.h */ = {isa = PBXFileReference; fileEncoding = 4; lastKnownFileType = sourcecode.c.h; path = BaseModel.h; sourceTree = "<group>"; };
		04A9095A1B42CD7E00A4EA0C /* BaseModel.m */ = {isa = PBXFileReference; fileEncoding = 4; lastKnownFileType = sourcecode.c.objc; path = BaseModel.m; sourceTree = "<group>"; };
		04A9095C1B42CDBB00A4EA0C /* AppMacro.h */ = {isa = PBXFileReference; lastKnownFileType = sourcecode.c.h; path = AppMacro.h; sourceTree = "<group>"; };
		04A9095D1B42CDD200A4EA0C /* NotificationMacro.h */ = {isa = PBXFileReference; lastKnownFileType = sourcecode.c.h; path = NotificationMacro.h; sourceTree = "<group>"; };
		04A9095E1B42CDDE00A4EA0C /* VendorMacro.h */ = {isa = PBXFileReference; lastKnownFileType = sourcecode.c.h; path = VendorMacro.h; sourceTree = "<group>"; };
		04A9095F1B42CDEA00A4EA0C /* UtilsMacro.h */ = {isa = PBXFileReference; lastKnownFileType = sourcecode.c.h; path = UtilsMacro.h; sourceTree = "<group>"; };
/* End PBXFileReference section */

/* Begin PBXFrameworksBuildPhase section */
		04A909221B42CC6200A4EA0C /* Frameworks */ = {
			isa = PBXFrameworksBuildPhase;
			buildActionMask = 2147483647;
			files = (
			);
			runOnlyForDeploymentPostprocessing = 0;
		};
		04A9093B1B42CC6200A4EA0C /* Frameworks */ = {
			isa = PBXFrameworksBuildPhase;
			buildActionMask = 2147483647;
			files = (
			);
			runOnlyForDeploymentPostprocessing = 0;
		};
/* End PBXFrameworksBuildPhase section */

/* Begin PBXGroup section */
		04A9091C1B42CC6200A4EA0C = {
			isa = PBXGroup;
			children = (
				04A909271B42CC6200A4EA0C /* iOS项目目录结构 */,
				04A909411B42CC6200A4EA0C /* iOS项目目录结构Tests */,
				04A909261B42CC6200A4EA0C /* Products */,
			);
			sourceTree = "<group>";
		};
		04A909261B42CC6200A4EA0C /* Products */ = {
			isa = PBXGroup;
			children = (
				04A909251B42CC6200A4EA0C /* iOS项目目录结构.app */,
				04A9093E1B42CC6200A4EA0C /* iOS项目目录结构Tests.xctest */,
			);
			name = Products;
			sourceTree = "<group>";
		};
		04A909271B42CC6200A4EA0C /* iOS项目目录结构 */ = {
			isa = PBXGroup;
			children = (
				04A909561B42CD1000A4EA0C /* Resources */,
				04A909551B42CD0800A4EA0C /* Sections */,
				04A909541B42CCF900A4EA0C /* Vendors */,
				04A909531B42CCF100A4EA0C /* Helpers */,
				04A909521B42CCEC00A4EA0C /* General */,
				04A909511B42CCE400A4EA0C /* Macro */,
				04A909501B42CCDA00A4EA0C /* Models */,
				04A9094E1B42CCB300A4EA0C /* AppDelegate */,
				04A909281B42CC6200A4EA0C /* Supporting Files */,
				04A909571B42CD3300A4EA0C /* ReadMe.m */,
			);
			path = "iOS项目目录结构";
			sourceTree = "<group>";
		};
		04A909281B42CC6200A4EA0C /* Supporting Files */ = {
			isa = PBXGroup;
			children = (
				04A909291B42CC6200A4EA0C /* Info.plist */,
				04A9092A1B42CC6200A4EA0C /* main.m */,
			);
			name = "Supporting Files";
			sourceTree = "<group>";
		};
		04A909411B42CC6200A4EA0C /* iOS项目目录结构Tests */ = {
			isa = PBXGroup;
			children = (
				04A909441B42CC6200A4EA0C /* iOS______Tests.m */,
				04A909421B42CC6200A4EA0C /* Supporting Files */,
			);
			path = "iOS项目目录结构Tests";
			sourceTree = "<group>";
		};
		04A909421B42CC6200A4EA0C /* Supporting Files */ = {
			isa = PBXGroup;
			children = (
				04A909431B42CC6200A4EA0C /* Info.plist */,
			);
			name = "Supporting Files";
			sourceTree = "<group>";
		};
		04A9094E1B42CCB300A4EA0C /* AppDelegate */ = {
			isa = PBXGroup;
			children = (
				04A9092C1B42CC6200A4EA0C /* AppDelegate.h */,
				04A9092D1B42CC6200A4EA0C /* AppDelegate.m */,
			);
			name = AppDelegate;
			sourceTree = "<group>";
		};
		04A909501B42CCDA00A4EA0C /* Models */ = {
			isa = PBXGroup;
			children = (
				04A909591B42CD7E00A4EA0C /* BaseModel.h */,
				04A9095A1B42CD7E00A4EA0C /* BaseModel.m */,
			);
			name = Models;
			sourceTree = "<group>";
		};
		04A909511B42CCE400A4EA0C /* Macro */ = {
			isa = PBXGroup;
			children = (
				04A9095C1B42CDBB00A4EA0C /* AppMacro.h */,
				04A9095D1B42CDD200A4EA0C /* NotificationMacro.h */,
				04A9095E1B42CDDE00A4EA0C /* VendorMacro.h */,
				04A9095F1B42CDEA00A4EA0C /* UtilsMacro.h */,
			);
			name = Macro;
			sourceTree = "<group>";
		};
		04A909521B42CCEC00A4EA0C /* General */ = {
			isa = PBXGroup;
			children = (
				04A909611B42CE8C00A4EA0C /* Classes */,
				04A909601B42CE7B00A4EA0C /* Views */,
			);
			name = General;
			sourceTree = "<group>";
		};
		04A909531B42CCF100A4EA0C /* Helpers */ = {
			isa = PBXGroup;
			children = (
			);
			name = Helpers;
			sourceTree = "<group>";
		};
		04A909541B42CCF900A4EA0C /* Vendors */ = {
			isa = PBXGroup;
			children = (
			);
			name = Vendors;
			sourceTree = "<group>";
		};
		04A909551B42CD0800A4EA0C /* Sections */ = {
			isa = PBXGroup;
			children = (
			);
			name = Sections;
			sourceTree = "<group>";
		};
		04A909561B42CD1000A4EA0C /* Resources */ = {
			isa = PBXGroup;
			children = (
			);
			name = Resources;
			sourceTree = "<group>";
		};
		04A909601B42CE7B00A4EA0C /* Views */ = {
			isa = PBXGroup;
			children = (
			);
			name = Views;
			sourceTree = "<group>";
		};
		04A909611B42CE8C00A4EA0C /* Classes */ = {
			isa = PBXGroup;
			children = (
			);
			name = Classes;
			sourceTree = "<group>";
		};
/* End PBXGroup section */

/* Begin PBXNativeTarget section */
		04A909241B42CC6200A4EA0C /* iOS项目目录结构 */ = {
			isa = PBXNativeTarget;
			buildConfigurationList = 04A909481B42CC6200A4EA0C /* Build configuration list for PBXNativeTarget "iOS项目目录结构" */;
			buildPhases = (
				04A909211B42CC6200A4EA0C /* Sources */,
				04A909221B42CC6200A4EA0C /* Frameworks */,
				04A909231B42CC6200A4EA0C /* Resources */,
			);
			buildRules = (
			);
			dependencies = (
			);
			name = "iOS项目目录结构";
			productName = "iOS项目目录结构";
			productReference = 04A909251B42CC6200A4EA0C /* iOS项目目录结构.app */;
			productType = "com.apple.product-type.application";
		};
		04A9093D1B42CC6200A4EA0C /* iOS项目目录结构Tests */ = {
			isa = PBXNativeTarget;
			buildConfigurationList = 04A9094B1B42CC6200A4EA0C /* Build configuration list for PBXNativeTarget "iOS项目目录结构Tests" */;
			buildPhases = (
				04A9093A1B42CC6200A4EA0C /* Sources */,
				04A9093B1B42CC6200A4EA0C /* Frameworks */,
				04A9093C1B42CC6200A4EA0C /* Resources */,
			);
			buildRules = (
			);
			dependencies = (
				04A909401B42CC6200A4EA0C /* PBXTargetDependency */,
			);
			name = "iOS项目目录结构Tests";
			productName = "iOS项目目录结构Tests";
			productReference = 04A9093E1B42CC6200A4EA0C /* iOS项目目录结构Tests.xctest */;
			productType = "com.apple.product-type.bundle.unit-test";
		};
/* End PBXNativeTarget section */

/* Begin PBXProject section */
		04A9091D1B42CC6200A4EA0C /* Project object */ = {
			isa = PBXProject;
			attributes = {
				LastUpgradeCheck = 0630;
				ORGANIZATIONNAME = CC;
				TargetAttributes = {
					04A909241B42CC6200A4EA0C = {
						CreatedOnToolsVersion = 6.3.1;
					};
					04A9093D1B42CC6200A4EA0C = {
						CreatedOnToolsVersion = 6.3.1;
						TestTargetID = 04A909241B42CC6200A4EA0C;
					};
				};
			};
			buildConfigurationList = 04A909201B42CC6200A4EA0C /* Build configuration list for PBXProject "iOS项目目录结构" */;
			compatibilityVersion = "Xcode 3.2";
			developmentRegion = English;
			hasScannedForEncodings = 0;
			knownRegions = (
				en,
				Base,
			);
			mainGroup = 04A9091C1B42CC6200A4EA0C;
			productRefGroup = 04A909261B42CC6200A4EA0C /* Products */;
			projectDirPath = "";
			projectRoot = "";
			targets = (
				04A909241B42CC6200A4EA0C /* iOS项目目录结构 */,
				04A9093D1B42CC6200A4EA0C /* iOS项目目录结构Tests */,
			);
		};
/* End PBXProject section */

/* Begin PBXResourcesBuildPhase section */
		04A909231B42CC6200A4EA0C /* Resources */ = {
			isa = PBXResourcesBuildPhase;
			buildActionMask = 2147483647;
			files = (
			);
			runOnlyForDeploymentPostprocessing = 0;
		};
		04A9093C1B42CC6200A4EA0C /* Resources */ = {
			isa = PBXResourcesBuildPhase;
			buildActionMask = 2147483647;
			files = (
			);
			runOnlyForDeploymentPostprocessing = 0;
		};
/* End PBXResourcesBuildPhase section */

/* Begin PBXSourcesBuildPhase section */
		04A909211B42CC6200A4EA0C /* Sources */ = {
			isa = PBXSourcesBuildPhase;
			buildActionMask = 2147483647;
			files = (
				04A909581B42CD3300A4EA0C /* ReadMe.m in Sources */,
				04A9092E1B42CC6200A4EA0C /* AppDelegate.m in Sources */,
				04A9095B1B42CD7E00A4EA0C /* BaseModel.m in Sources */,
				04A9092B1B42CC6200A4EA0C /* main.m in Sources */,
			);
			runOnlyForDeploymentPostprocessing = 0;
		};
		04A9093A1B42CC6200A4EA0C /* Sources */ = {
			isa = PBXSourcesBuildPhase;
			buildActionMask = 2147483647;
			files = (
				04A909451B42CC6200A4EA0C /* iOS______Tests.m in Sources */,
			);
			runOnlyForDeploymentPostprocessing = 0;
		};
/* End PBXSourcesBuildPhase section */

/* Begin PBXTargetDependency section */
		04A909401B42CC6200A4EA0C /* PBXTargetDependency */ = {
			isa = PBXTargetDependency;
			target = 04A909241B42CC6200A4EA0C /* iOS项目目录结构 */;
			targetProxy = 04A9093F1B42CC6200A4EA0C /* PBXContainerItemProxy */;
		};
/* End PBXTargetDependency section */

/* Begin XCBuildConfiguration section */
		04A909461B42CC6200A4EA0C /* Debug */ = {
			isa = XCBuildConfiguration;
			buildSettings = {
				ALWAYS_SEARCH_USER_PATHS = NO;
				CLANG_CXX_LANGUAGE_STANDARD = "gnu++0x";
				CLANG_CXX_LIBRARY = "libc++";
				CLANG_ENABLE_MODULES = YES;
				CLANG_ENABLE_OBJC_ARC = YES;
				CLANG_WARN_BOOL_CONVERSION = YES;
				CLANG_WARN_CONSTANT_CONVERSION = YES;
				CLANG_WARN_DIRECT_OBJC_ISA_USAGE = YES_ERROR;
				CLANG_WARN_EMPTY_BODY = YES;
				CLANG_WARN_ENUM_CONVERSION = YES;
				CLANG_WARN_INT_CONVERSION = YES;
				CLANG_WARN_OBJC_ROOT_CLASS = YES_ERROR;
				CLANG_WARN_UNREACHABLE_CODE = YES;
				CLANG_WARN__DUPLICATE_METHOD_MATCH = YES;
				"CODE_SIGN_IDENTITY[sdk=iphoneos*]" = "iPhone Developer";
				COPY_PHASE_STRIP = NO;
				DEBUG_INFORMATION_FORMAT = "dwarf-with-dsym";
				ENABLE_STRICT_OBJC_MSGSEND = YES;
				GCC_C_LANGUAGE_STANDARD = gnu99;
				GCC_DYNAMIC_NO_PIC = NO;
				GCC_NO_COMMON_BLOCKS = YES;
				GCC_OPTIMIZATION_LEVEL = 0;
				GCC_PREPROCESSOR_DEFINITIONS = (
					"DEBUG=1",
					"$(inherited)",
				);
				GCC_SYMBOLS_PRIVATE_EXTERN = NO;
				GCC_WARN_64_TO_32_BIT_CONVERSION = YES;
				GCC_WARN_ABOUT_RETURN_TYPE = YES_ERROR;
				GCC_WARN_UNDECLARED_SELECTOR = YES;
				GCC_WARN_UNINITIALIZED_AUTOS = YES_AGGRESSIVE;
				GCC_WARN_UNUSED_FUNCTION = YES;
				GCC_WARN_UNUSED_VARIABLE = YES;
				IPHONEOS_DEPLOYMENT_TARGET = 8.3;
				MTL_ENABLE_DEBUG_INFO = YES;
				ONLY_ACTIVE_ARCH = YES;
				SDKROOT = iphoneos;
			};
			name = Debug;
		};
		04A909471B42CC6200A4EA0C /* Release */ = {
			isa = XCBuildConfiguration;
			buildSettings = {
				ALWAYS_SEARCH_USER_PATHS = NO;
				CLANG_CXX_LANGUAGE_STANDARD = "gnu++0x";
				CLANG_CXX_LIBRARY = "libc++";
				CLANG_ENABLE_MODULES = YES;
				CLANG_ENABLE_OBJC_ARC = YES;
				CLANG_WARN_BOOL_CONVERSION = YES;
				CLANG_WARN_CONSTANT_CONVERSION = YES;
				CLANG_WARN_DIRECT_OBJC_ISA_USAGE = YES_ERROR;
				CLANG_WARN_EMPTY_BODY = YES;
				CLANG_WARN_ENUM_CONVERSION = YES;
				CLANG_WARN_INT_CONVERSION = YES;
				CLANG_WARN_OBJC_ROOT_CLASS = YES_ERROR;
				CLANG_WARN_UNREACHABLE_CODE = YES;
				CLANG_WARN__DUPLICATE_METHOD_MATCH = YES;
				"CODE_SIGN_IDENTITY[sdk=iphoneos*]" = "iPhone Developer";
				COPY_PHASE_STRIP = NO;
				DEBUG_INFORMATION_FORMAT = "dwarf-with-dsym";
				ENABLE_NS_ASSERTIONS = NO;
				ENABLE_STRICT_OBJC_MSGSEND = YES;
				GCC_C_LANGUAGE_STANDARD = gnu99;
				GCC_NO_COMMON_BLOCKS = YES;
				GCC_WARN_64_TO_32_BIT_CONVERSION = YES;
				GCC_WARN_ABOUT_RETURN_TYPE = YES_ERROR;
				GCC_WARN_UNDECLARED_SELECTOR = YES;
				GCC_WARN_UNINITIALIZED_AUTOS = YES_AGGRESSIVE;
				GCC_WARN_UNUSED_FUNCTION = YES;
				GCC_WARN_UNUSED_VARIABLE = YES;
				IPHONEOS_DEPLOYMENT_TARGET = 8.3;
				MTL_ENABLE_DEBUG_INFO = NO;
				SDKROOT = iphoneos;
				VALIDATE_PRODUCT = YES;
			};
			name = Release;
		};
		04A909491B42CC6200A4EA0C /* Debug */ = {
			isa = XCBuildConfiguration;
			buildSettings = {
				ASSETCATALOG_COMPILER_APPICON_NAME = AppIcon;
				INFOPLIST_FILE = "iOS项目目录结构/Info.plist";
				LD_RUNPATH_SEARCH_PATHS = "$(inherited) @executable_path/Frameworks";
				PRODUCT_NAME = "$(TARGET_NAME)";
			};
			name = Debug;
		};
		04A9094A1B42CC6200A4EA0C /* Release */ = {
			isa = XCBuildConfiguration;
			buildSettings = {
				ASSETCATALOG_COMPILER_APPICON_NAME = AppIcon;
				INFOPLIST_FILE = "iOS项目目录结构/Info.plist";
				LD_RUNPATH_SEARCH_PATHS = "$(inherited) @executable_path/Frameworks";
				PRODUCT_NAME = "$(TARGET_NAME)";
			};
			name = Release;
		};
		04A9094C1B42CC6200A4EA0C /* Debug */ = {
			isa = XCBuildConfiguration;
			buildSettings = {
				BUNDLE_LOADER = "$(TEST_HOST)";
				FRAMEWORK_SEARCH_PATHS = (
					"$(SDKROOT)/Developer/Library/Frameworks",
					"$(inherited)",
				);
				GCC_PREPROCESSOR_DEFINITIONS = (
					"DEBUG=1",
					"$(inherited)",
				);
				INFOPLIST_FILE = "iOS项目目录结构Tests/Info.plist";
				LD_RUNPATH_SEARCH_PATHS = "$(inherited) @executable_path/Frameworks @loader_path/Frameworks";
				PRODUCT_NAME = "$(TARGET_NAME)";
				TEST_HOST = "$(BUILT_PRODUCTS_DIR)/iOS项目目录结构.app/iOS项目目录结构";
			};
			name = Debug;
		};
		04A9094D1B42CC6200A4EA0C /* Release */ = {
			isa = XCBuildConfiguration;
			buildSettings = {
				BUNDLE_LOADER = "$(TEST_HOST)";
				FRAMEWORK_SEARCH_PATHS = (
					"$(SDKROOT)/Developer/Library/Frameworks",
					"$(inherited)",
				);
				INFOPLIST_FILE = "iOS项目目录结构Tests/Info.plist";
				LD_RUNPATH_SEARCH_PATHS = "$(inherited) @executable_path/Frameworks @loader_path/Frameworks";
				PRODUCT_NAME = "$(TARGET_NAME)";
				TEST_HOST = "$(BUILT_PRODUCTS_DIR)/iOS项目目录结构.app/iOS项目目录结构";
			};
			name = Release;
		};
/* End XCBuildConfiguration section */

/* Begin XCConfigurationList section */
		04A909201B42CC6200A4EA0C /* Build configuration list for PBXProject "iOS项目目录结构" */ = {
			isa = XCConfigurationList;
			buildConfigurations = (
				04A909461B42CC6200A4EA0C /* Debug */,
				04A909471B42CC6200A4EA0C /* Release */,
			);
			defaultConfigurationIsVisible = 0;
			defaultConfigurationName = Release;
		};
		04A909481B42CC6200A4EA0C /* Build configuration list for PBXNativeTarget "iOS项目目录结构" */ = {
			isa = XCConfigurationList;
			buildConfigurations = (
				04A909491B42CC6200A4EA0C /* Debug */,
				04A9094A1B42CC6200A4EA0C /* Release */,
			);
			defaultConfigurationIsVisible = 0;
		};
		04A9094B1B42CC6200A4EA0C /* Build configuration list for PBXNativeTarget "iOS项目目录结构Tests" */ = {
			isa = XCConfigurationList;
			buildConfigurations = (
				04A9094C1B42CC6200A4EA0C /* Debug */,
				04A9094D1B42CC6200A4EA0C /* Release */,
			);
			defaultConfigurationIsVisible = 0;
		};
/* End XCConfigurationList section */
	};
	rootObject = 04A9091D1B42CC6200A4EA0C /* Project object */;
}
